
Microsoft Visual Studio Solution File, Format Version 12.00
# Visual Studio 15
VisualStudioVersion = 15.0.27428.2027
MinimumVisualStudioVersion = 10.0.40219.1
Project("{FAE04EC0-301F-11D3-BF4B-00C04F79EFBC}") = "FA.COA.API", "FA.COA.API\FA.COA.API.csproj", "{F9DEF982-4151-4B0C-AF36-2DF3E74E9045}"
EndProject
Global
	GlobalSection(SolutionConfigurationPlatforms) = preSolution
		Debug|Any CPU = Debug|Any CPU
		Release|Any CPU = Release|Any CPU
	EndGlobalSection
	GlobalSection(ProjectConfigurationPlatforms) = postSolution
		{F9DEF982-4151-4B0C-AF36-2DF3E74E9045}.Debug|Any CPU.ActiveCfg = Debug|Any CPU
		{F9DEF982-4151-4B0C-AF36-2DF3E74E9045}.Debug|Any CPU.Build.0 = Debug|Any CPU
		{F9DEF982-4151-4B0C-AF36-2DF3E74E9045}.Release|Any CPU.ActiveCfg = Release|Any CPU
		{F9DEF982-4151-4B0C-AF36-2DF3E74E9045}.Release|Any CPU.Build.0 = Release|Any CPU
	EndGlobalSection
	GlobalSection(SolutionProperties) = preSolution
		HideSolutionNode = FALSE
	EndGlobalSection
	GlobalSection(ExtensibilityGlobals) = postSolution
		SolutionGuid = {41D9C5C0-6B5C-4CD1-9666-210021F9FC70}
	EndGlobalSection
EndGlobal
